
Microsoft Visual Studio Solution File, Format Version 12.00
# Visual Studio 15
VisualStudioVersion = 15.0.26730.10
MinimumVisualStudioVersion = 10.0.40219.1
Project("{FAE04EC0-301F-11D3-BF4B-00C04F79EFBC}") = "WizardBallisticsCore", "WizardBallisticsCore\WizardBallisticsCore.csproj", "{26476633-6EA1-464A-B808-E03CBD9191CE}"
EndProject
Project("{FAE04EC0-301F-11D3-BF4B-00C04F79EFBC}") = "WizardBallisticsDraw", "WizardBallisticsDraw\WizardBallisticsDraw.csproj", "{BEF0EF00-05B3-41D3-A23A-A0C913522779}"
EndProject
Project("{FAE04EC0-301F-11D3-BF4B-00C04F79EFBC}") = "WizardBallisticsDrawVisualTests", "WizardBallisticsDrawVisualTests\WizardBallisticsDrawVisualTests.csproj", "{A91FBFF1-6AC2-4F88-A5E9-8A646C291884}"
EndProject
Project("{FAE04EC0-301F-11D3-BF4B-00C04F79EFBC}") = "SolverDrawTsts", "WBRimanTest\SolverDrawTsts.csproj", "{17373A7A-1CAB-403D-9F06-FAE9089C4FDD}"
EndProject
Project("{FAE04EC0-301F-11D3-BF4B-00C04F79EFBC}") = "WizardBallisticsCoreTests1", "WizardBallisticsCoreTests1\WizardBallisticsCoreTests1.csproj", "{E41E2D2A-1760-4486-BAD8-AD92FA9BA46D}"
EndProject
Project("{FAE04EC0-301F-11D3-BF4B-00C04F79EFBC}") = "MiracleGun", "MiracleGun\MiracleGun.csproj", "{A01DA796-7BF8-4FC0-B956-87B5A827C263}"
EndProject
Project("{FAE04EC0-301F-11D3-BF4B-00C04F79EFBC}") = "MiracleGunTests", "MiracleGunTests\MiracleGunTests.csproj", "{FF1BE89F-430B-45F5-BCC4-E6E28F1362CB}"
EndProject
Global
	GlobalSection(SolutionConfigurationPlatforms) = preSolution
		Debug|Any CPU = Debug|Any CPU
		Debug|x64 = Debug|x64
		Debug|x86 = Debug|x86
		Release|Any CPU = Release|Any CPU
		Release|x64 = Release|x64
		Release|x86 = Release|x86
	EndGlobalSection
	GlobalSection(ProjectConfigurationPlatforms) = postSolution
		{26476633-6EA1-464A-B808-E03CBD9191CE}.Debug|Any CPU.ActiveCfg = Debug|Any CPU
		{26476633-6EA1-464A-B808-E03CBD9191CE}.Debug|Any CPU.Build.0 = Debug|Any CPU
		{26476633-6EA1-464A-B808-E03CBD9191CE}.Debug|x64.ActiveCfg = Debug|x64
		{26476633-6EA1-464A-B808-E03CBD9191CE}.Debug|x64.Build.0 = Debug|x64
		{26476633-6EA1-464A-B808-E03CBD9191CE}.Debug|x86.ActiveCfg = Debug|Any CPU
		{26476633-6EA1-464A-B808-E03CBD9191CE}.Debug|x86.Build.0 = Debug|Any CPU
		{26476633-6EA1-464A-B808-E03CBD9191CE}.Release|Any CPU.ActiveCfg = Release|Any CPU
		{26476633-6EA1-464A-B808-E03CBD9191CE}.Release|Any CPU.Build.0 = Release|Any CPU
		{26476633-6EA1-464A-B808-E03CBD9191CE}.Release|x64.ActiveCfg = Release|x64
		{26476633-6EA1-464A-B808-E03CBD9191CE}.Release|x64.Build.0 = Release|x64
		{26476633-6EA1-464A-B808-E03CBD9191CE}.Release|x86.ActiveCfg = Release|Any CPU
		{26476633-6EA1-464A-B808-E03CBD9191CE}.Release|x86.Build.0 = Release|Any CPU
		{BEF0EF00-05B3-41D3-A23A-A0C913522779}.Debug|Any CPU.ActiveCfg = Debug|Any CPU
		{BEF0EF00-05B3-41D3-A23A-A0C913522779}.Debug|Any CPU.Build.0 = Debug|Any CPU
		{BEF0EF00-05B3-41D3-A23A-A0C913522779}.Debug|x64.ActiveCfg = Debug|x64
		{BEF0EF00-05B3-41D3-A23A-A0C913522779}.Debug|x64.Build.0 = Debug|x64
		{BEF0EF00-05B3-41D3-A23A-A0C913522779}.Debug|x86.ActiveCfg = Debug|Any CPU
		{BEF0EF00-05B3-41D3-A23A-A0C913522779}.Debug|x86.Build.0 = Debug|Any CPU
		{BEF0EF00-05B3-41D3-A23A-A0C913522779}.Release|Any CPU.ActiveCfg = Release|Any CPU
		{BEF0EF00-05B3-41D3-A23A-A0C913522779}.Release|Any CPU.Build.0 = Release|Any CPU
		{BEF0EF00-05B3-41D3-A23A-A0C913522779}.Release|x64.ActiveCfg = Release|x64
		{BEF0EF00-05B3-41D3-A23A-A0C913522779}.Release|x64.Build.0 = Release|x64
		{BEF0EF00-05B3-41D3-A23A-A0C913522779}.Release|x86.ActiveCfg = Release|Any CPU
		{BEF0EF00-05B3-41D3-A23A-A0C913522779}.Release|x86.Build.0 = Release|Any CPU
		{A91FBFF1-6AC2-4F88-A5E9-8A646C291884}.Debug|Any CPU.ActiveCfg = Debug|Any CPU
		{A91FBFF1-6AC2-4F88-A5E9-8A646C291884}.Debug|Any CPU.Build.0 = Debug|Any CPU
		{A91FBFF1-6AC2-4F88-A5E9-8A646C291884}.Debug|x64.ActiveCfg = Debug|x64
		{A91FBFF1-6AC2-4F88-A5E9-8A646C291884}.Debug|x64.Build.0 = Debug|x64
		{A91FBFF1-6AC2-4F88-A5E9-8A646C291884}.Debug|x86.ActiveCfg = Debug|Any CPU
		{A91FBFF1-6AC2-4F88-A5E9-8A646C291884}.Debug|x86.Build.0 = Debug|Any CPU
		{A91FBFF1-6AC2-4F88-A5E9-8A646C291884}.Release|Any CPU.ActiveCfg = Release|Any CPU
		{A91FBFF1-6AC2-4F88-A5E9-8A646C291884}.Release|Any CPU.Build.0 = Release|Any CPU
		{A91FBFF1-6AC2-4F88-A5E9-8A646C291884}.Release|x64.ActiveCfg = Release|x64
		{A91FBFF1-6AC2-4F88-A5E9-8A646C291884}.Release|x64.Build.0 = Release|x64
		{A91FBFF1-6AC2-4F88-A5E9-8A646C291884}.Release|x86.ActiveCfg = Release|Any CPU
		{A91FBFF1-6AC2-4F88-A5E9-8A646C291884}.Release|x86.Build.0 = Release|Any CPU
		{17373A7A-1CAB-403D-9F06-FAE9089C4FDD}.Debug|Any CPU.ActiveCfg = Debug|Any CPU
		{17373A7A-1CAB-403D-9F06-FAE9089C4FDD}.Debug|Any CPU.Build.0 = Debug|Any CPU
		{17373A7A-1CAB-403D-9F06-FAE9089C4FDD}.Debug|x64.ActiveCfg = Debug|x64
		{17373A7A-1CAB-403D-9F06-FAE9089C4FDD}.Debug|x64.Build.0 = Debug|x64
		{17373A7A-1CAB-403D-9F06-FAE9089C4FDD}.Debug|x86.ActiveCfg = Debug|Any CPU
		{17373A7A-1CAB-403D-9F06-FAE9089C4FDD}.Debug|x86.Build.0 = Debug|Any CPU
		{17373A7A-1CAB-403D-9F06-FAE9089C4FDD}.Release|Any CPU.ActiveCfg = Release|Any CPU
		{17373A7A-1CAB-403D-9F06-FAE9089C4FDD}.Release|Any CPU.Build.0 = Release|Any CPU
		{17373A7A-1CAB-403D-9F06-FAE9089C4FDD}.Release|x64.ActiveCfg = Release|x64
		{17373A7A-1CAB-403D-9F06-FAE9089C4FDD}.Release|x64.Build.0 = Release|x64
		{17373A7A-1CAB-403D-9F06-FAE9089C4FDD}.Release|x86.ActiveCfg = Release|Any CPU
		{17373A7A-1CAB-403D-9F06-FAE9089C4FDD}.Release|x86.Build.0 = Release|Any CPU
		{E41E2D2A-1760-4486-BAD8-AD92FA9BA46D}.Debug|Any CPU.ActiveCfg = Debug|Any CPU
		{E41E2D2A-1760-4486-BAD8-AD92FA9BA46D}.Debug|Any CPU.Build.0 = Debug|Any CPU
		{E41E2D2A-1760-4486-BAD8-AD92FA9BA46D}.Debug|x64.ActiveCfg = Debug|x64
		{E41E2D2A-1760-4486-BAD8-AD92FA9BA46D}.Debug|x64.Build.0 = Debug|x64
		{E41E2D2A-1760-4486-BAD8-AD92FA9BA46D}.Debug|x86.ActiveCfg = Debug|Any CPU
		{E41E2D2A-1760-4486-BAD8-AD92FA9BA46D}.Debug|x86.Build.0 = Debug|Any CPU
		{E41E2D2A-1760-4486-BAD8-AD92FA9BA46D}.Release|Any CPU.ActiveCfg = Release|Any CPU
		{E41E2D2A-1760-4486-BAD8-AD92FA9BA46D}.Release|Any CPU.Build.0 = Release|Any CPU
		{E41E2D2A-1760-4486-BAD8-AD92FA9BA46D}.Release|x64.ActiveCfg = Release|x64
		{E41E2D2A-1760-4486-BAD8-AD92FA9BA46D}.Release|x64.Build.0 = Release|x64
		{E41E2D2A-1760-4486-BAD8-AD92FA9BA46D}.Release|x86.ActiveCfg = Release|Any CPU
		{E41E2D2A-1760-4486-BAD8-AD92FA9BA46D}.Release|x86.Build.0 = Release|Any CPU
		{A01DA796-7BF8-4FC0-B956-87B5A827C263}.Debug|Any CPU.ActiveCfg = Debug|Any CPU
		{A01DA796-7BF8-4FC0-B956-87B5A827C263}.Debug|Any CPU.Build.0 = Debug|Any CPU
		{A01DA796-7BF8-4FC0-B956-87B5A827C263}.Debug|x64.ActiveCfg = Debug|Any CPU
		{A01DA796-7BF8-4FC0-B956-87B5A827C263}.Debug|x64.Build.0 = Debug|Any CPU
		{A01DA796-7BF8-4FC0-B956-87B5A827C263}.Debug|x86.ActiveCfg = Debug|Any CPU
		{A01DA796-7BF8-4FC0-B956-87B5A827C263}.Debug|x86.Build.0 = Debug|Any CPU
		{A01DA796-7BF8-4FC0-B956-87B5A827C263}.Release|Any CPU.ActiveCfg = Release|Any CPU
		{A01DA796-7BF8-4FC0-B956-87B5A827C263}.Release|Any CPU.Build.0 = Release|Any CPU
		{A01DA796-7BF8-4FC0-B956-87B5A827C263}.Release|x64.ActiveCfg = Release|Any CPU
		{A01DA796-7BF8-4FC0-B956-87B5A827C263}.Release|x64.Build.0 = Release|Any CPU
		{A01DA796-7BF8-4FC0-B956-87B5A827C263}.Release|x86.ActiveCfg = Release|Any CPU
		{A01DA796-7BF8-4FC0-B956-87B5A827C263}.Release|x86.Build.0 = Release|Any CPU
		{FF1BE89F-430B-45F5-BCC4-E6E28F1362CB}.Debug|Any CPU.ActiveCfg = Debug|Any CPU
		{FF1BE89F-430B-45F5-BCC4-E6E28F1362CB}.Debug|Any CPU.Build.0 = Debug|Any CPU
		{FF1BE89F-430B-45F5-BCC4-E6E28F1362CB}.Debug|x64.ActiveCfg = Debug|Any CPU
		{FF1BE89F-430B-45F5-BCC4-E6E28F1362CB}.Debug|x64.Build.0 = Debug|Any CPU
		{FF1BE89F-430B-45F5-BCC4-E6E28F1362CB}.Debug|x86.ActiveCfg = Debug|Any CPU
		{FF1BE89F-430B-45F5-BCC4-E6E28F1362CB}.Debug|x86.Build.0 = Debug|Any CPU
		{FF1BE89F-430B-45F5-BCC4-E6E28F1362CB}.Release|Any CPU.ActiveCfg = Release|Any CPU
		{FF1BE89F-430B-45F5-BCC4-E6E28F1362CB}.Release|Any CPU.Build.0 = Release|Any CPU
		{FF1BE89F-430B-45F5-BCC4-E6E28F1362CB}.Release|x64.ActiveCfg = Release|Any CPU
		{FF1BE89F-430B-45F5-BCC4-E6E28F1362CB}.Release|x64.Build.0 = Release|Any CPU
		{FF1BE89F-430B-45F5-BCC4-E6E28F1362CB}.Release|x86.ActiveCfg = Release|Any CPU
		{FF1BE89F-430B-45F5-BCC4-E6E28F1362CB}.Release|x86.Build.0 = Release|Any CPU
	EndGlobalSection
	GlobalSection(SolutionProperties) = preSolution
		HideSolutionNode = FALSE
	EndGlobalSection
	GlobalSection(ExtensibilityGlobals) = postSolution
		SolutionGuid = {CEA0265E-4F95-4DB4-87BE-A724E2A9A0EF}
	EndGlobalSection
EndGlobal
