
Microsoft Visual Studio Solution File, Format Version 12.00
# Visual Studio 15
VisualStudioVersion = 15.0.26730.12
MinimumVisualStudioVersion = 10.0.40219.1
Project("{FAE04EC0-301F-11D3-BF4B-00C04F79EFBC}") = "WizardBallisticsCore", "WizardBallisticsCore\WizardBallisticsCore.csproj", "{26476633-6EA1-464A-B808-E03CBD9191CE}"
EndProject
Project("{FAE04EC0-301F-11D3-BF4B-00C04F79EFBC}") = "WizardBallisticsDraw", "WizardBallisticsDraw\WizardBallisticsDraw.csproj", "{BEF0EF00-05B3-41D3-A23A-A0C913522779}"
EndProject
Project("{FAE04EC0-301F-11D3-BF4B-00C04F79EFBC}") = "WizardBallisticsDrawVisualTests", "WizardBallisticsDrawVisualTests\WizardBallisticsDrawVisualTests.csproj", "{A91FBFF1-6AC2-4F88-A5E9-8A646C291884}"
EndProject
Project("{FAE04EC0-301F-11D3-BF4B-00C04F79EFBC}") = "SolverDrawTsts", "WBRimanTest\SolverDrawTsts.csproj", "{17373A7A-1CAB-403D-9F06-FAE9089C4FDD}"
EndProject
Project("{FAE04EC0-301F-11D3-BF4B-00C04F79EFBC}") = "WizardBallisticsCoreTests1", "WizardBallisticsCoreTests1\WizardBallisticsCoreTests1.csproj", "{E41E2D2A-1760-4486-BAD8-AD92FA9BA46D}"
EndProject
Project("{FAE04EC0-301F-11D3-BF4B-00C04F79EFBC}") = "MiracleGun", "MiracleGun\MiracleGun.csproj", "{A01DA796-7BF8-4FC0-B956-87B5A827C263}"
EndProject
Project("{FAE04EC0-301F-11D3-BF4B-00C04F79EFBC}") = "MiracleGunTests", "MiracleGunTests\MiracleGunTests.csproj", "{FF1BE89F-430B-45F5-BCC4-E6E28F1362CB}"
EndProject
Project("{2150E333-8FDC-42A3-9474-1A3956D46DE8}") = "include", "include", "{BC876E9B-274C-4916-B323-52F167C1568F}"
EndProject
Project("{FAE04EC0-301F-11D3-BF4B-00C04F79EFBC}") = "Oslo", "Oslo\Oslo.csproj", "{92589C2D-3833-496F-87E8-788FD511B162}"
EndProject
Project("{FAE04EC0-301F-11D3-BF4B-00C04F79EFBC}") = "DoubleEnumGenetic", "DoubleEnumGenetic\DoubleEnumGenetic.csproj", "{3C3F646D-A97C-4D8A-BDF5-393139C5170A}"
EndProject
Project("{FAE04EC0-301F-11D3-BF4B-00C04F79EFBC}") = "Sharp3D.Math", "My3DVec\Sharp3D.Math.csproj", "{441FF4C9-0F85-4470-A274-41408B420F86}"
EndProject
Project("{FAE04EC0-301F-11D3-BF4B-00C04F79EFBC}") = "Executor", "Executor\Executor.csproj", "{82DC02DC-5925-4437-AE7E-56F6363C4B7F}"
EndProject
Project("{FAE04EC0-301F-11D3-BF4B-00C04F79EFBC}") = "ExecutorTests", "ExecutorTests\ExecutorTests.csproj", "{F927DFBC-0F54-4978-93BC-020DFB1349F1}"
EndProject
Project("{FAE04EC0-301F-11D3-BF4B-00C04F79EFBC}") = "ExecutorConsoleTest", "ExecutorConsoleTest\ExecutorConsoleTest.csproj", "{0F662394-DE08-43C9-83EB-122964CB17B4}"
EndProject
Project("{FAE04EC0-301F-11D3-BF4B-00C04F79EFBC}") = "ClusterExecutor", "ClusterExecutor\ClusterExecutor.csproj", "{2F3D880E-213E-4DD0-BA86-4CFCA71A0B68}"
EndProject
Project("{FAE04EC0-301F-11D3-BF4B-00C04F79EFBC}") = "ClusterExecutorTests", "ClusterExecutorTests\ClusterExecutorTests.csproj", "{95298008-3AD5-48F2-9315-23A5EAA94218}"
EndProject
Project("{FAE04EC0-301F-11D3-BF4B-00C04F79EFBC}") = "ClustSlave", "ClustSlave\ClustSlave.csproj", "{9093A03C-2824-4D5A-85C8-D1BE8657B4F8}"
EndProject
Project("{FAE04EC0-301F-11D3-BF4B-00C04F79EFBC}") = "ClustServer", "ClustServer\ClustServer.csproj", "{DE1A23CE-3B6D-45C3-80B8-8D34741BC256}"
EndProject
Project("{FAE04EC0-301F-11D3-BF4B-00C04F79EFBC}") = "RL_Ipv4", "Remoting Lite\RL_Ipv4.csproj", "{0AFFA4EB-EDEA-43CC-8045-C7D1FE557803}"
EndProject
Project("{FAE04EC0-301F-11D3-BF4B-00C04F79EFBC}") = "MPAPI", "MPAPI\MPAPI.csproj", "{6104D664-8183-45B1-8B53-C6EAB326907C}"
EndProject
Project("{FAE04EC0-301F-11D3-BF4B-00C04F79EFBC}") = "SwarmOptimizator", "SwarmOptimizator\SwarmOptimizator.csproj", "{7E3D98F5-A25A-4366-9398-0D7F77B8CEE6}"
EndProject
Project("{FAE04EC0-301F-11D3-BF4B-00C04F79EFBC}") = "SwarmOptimizatorTests", "SwarmOptimizatorTests\SwarmOptimizatorTests.csproj", "{A63F30FA-2AB1-4586-A218-37C6B7DC5CB7}"
EndProject
Project("{FAE04EC0-301F-11D3-BF4B-00C04F79EFBC}") = "MyRandom", "MyRandom\MyRandom.csproj", "{46A9C797-1DD4-4BAD-A27D-A133E19B50EF}"
EndProject
Global
	GlobalSection(SolutionConfigurationPlatforms) = preSolution
		Debug|Any CPU = Debug|Any CPU
		Debug|x64 = Debug|x64
		Debug|x86 = Debug|x86
		Release|Any CPU = Release|Any CPU
		Release|x64 = Release|x64
		Release|x86 = Release|x86
	EndGlobalSection
	GlobalSection(ProjectConfigurationPlatforms) = postSolution
		{26476633-6EA1-464A-B808-E03CBD9191CE}.Debug|Any CPU.ActiveCfg = Debug|Any CPU
		{26476633-6EA1-464A-B808-E03CBD9191CE}.Debug|Any CPU.Build.0 = Debug|Any CPU
		{26476633-6EA1-464A-B808-E03CBD9191CE}.Debug|x64.ActiveCfg = Debug|x64
		{26476633-6EA1-464A-B808-E03CBD9191CE}.Debug|x64.Build.0 = Debug|x64
		{26476633-6EA1-464A-B808-E03CBD9191CE}.Debug|x86.ActiveCfg = Debug|Any CPU
		{26476633-6EA1-464A-B808-E03CBD9191CE}.Debug|x86.Build.0 = Debug|Any CPU
		{26476633-6EA1-464A-B808-E03CBD9191CE}.Release|Any CPU.ActiveCfg = Release|Any CPU
		{26476633-6EA1-464A-B808-E03CBD9191CE}.Release|Any CPU.Build.0 = Release|Any CPU
		{26476633-6EA1-464A-B808-E03CBD9191CE}.Release|x64.ActiveCfg = Release|x64
		{26476633-6EA1-464A-B808-E03CBD9191CE}.Release|x64.Build.0 = Release|x64
		{26476633-6EA1-464A-B808-E03CBD9191CE}.Release|x86.ActiveCfg = Release|Any CPU
		{26476633-6EA1-464A-B808-E03CBD9191CE}.Release|x86.Build.0 = Release|Any CPU
		{BEF0EF00-05B3-41D3-A23A-A0C913522779}.Debug|Any CPU.ActiveCfg = Debug|Any CPU
		{BEF0EF00-05B3-41D3-A23A-A0C913522779}.Debug|Any CPU.Build.0 = Debug|Any CPU
		{BEF0EF00-05B3-41D3-A23A-A0C913522779}.Debug|x64.ActiveCfg = Debug|x64
		{BEF0EF00-05B3-41D3-A23A-A0C913522779}.Debug|x64.Build.0 = Debug|x64
		{BEF0EF00-05B3-41D3-A23A-A0C913522779}.Debug|x86.ActiveCfg = Debug|Any CPU
		{BEF0EF00-05B3-41D3-A23A-A0C913522779}.Debug|x86.Build.0 = Debug|Any CPU
		{BEF0EF00-05B3-41D3-A23A-A0C913522779}.Release|Any CPU.ActiveCfg = Release|Any CPU
		{BEF0EF00-05B3-41D3-A23A-A0C913522779}.Release|Any CPU.Build.0 = Release|Any CPU
		{BEF0EF00-05B3-41D3-A23A-A0C913522779}.Release|x64.ActiveCfg = Release|x64
		{BEF0EF00-05B3-41D3-A23A-A0C913522779}.Release|x64.Build.0 = Release|x64
		{BEF0EF00-05B3-41D3-A23A-A0C913522779}.Release|x86.ActiveCfg = Release|Any CPU
		{BEF0EF00-05B3-41D3-A23A-A0C913522779}.Release|x86.Build.0 = Release|Any CPU
		{A91FBFF1-6AC2-4F88-A5E9-8A646C291884}.Debug|Any CPU.ActiveCfg = Debug|Any CPU
		{A91FBFF1-6AC2-4F88-A5E9-8A646C291884}.Debug|Any CPU.Build.0 = Debug|Any CPU
		{A91FBFF1-6AC2-4F88-A5E9-8A646C291884}.Debug|x64.ActiveCfg = Debug|x64
		{A91FBFF1-6AC2-4F88-A5E9-8A646C291884}.Debug|x64.Build.0 = Debug|x64
		{A91FBFF1-6AC2-4F88-A5E9-8A646C291884}.Debug|x86.ActiveCfg = Debug|Any CPU
		{A91FBFF1-6AC2-4F88-A5E9-8A646C291884}.Debug|x86.Build.0 = Debug|Any CPU
		{A91FBFF1-6AC2-4F88-A5E9-8A646C291884}.Release|Any CPU.ActiveCfg = Release|Any CPU
		{A91FBFF1-6AC2-4F88-A5E9-8A646C291884}.Release|Any CPU.Build.0 = Release|Any CPU
		{A91FBFF1-6AC2-4F88-A5E9-8A646C291884}.Release|x64.ActiveCfg = Release|x64
		{A91FBFF1-6AC2-4F88-A5E9-8A646C291884}.Release|x64.Build.0 = Release|x64
		{A91FBFF1-6AC2-4F88-A5E9-8A646C291884}.Release|x86.ActiveCfg = Release|Any CPU
		{A91FBFF1-6AC2-4F88-A5E9-8A646C291884}.Release|x86.Build.0 = Release|Any CPU
		{17373A7A-1CAB-403D-9F06-FAE9089C4FDD}.Debug|Any CPU.ActiveCfg = Debug|Any CPU
		{17373A7A-1CAB-403D-9F06-FAE9089C4FDD}.Debug|Any CPU.Build.0 = Debug|Any CPU
		{17373A7A-1CAB-403D-9F06-FAE9089C4FDD}.Debug|x64.ActiveCfg = Debug|x64
		{17373A7A-1CAB-403D-9F06-FAE9089C4FDD}.Debug|x64.Build.0 = Debug|x64
		{17373A7A-1CAB-403D-9F06-FAE9089C4FDD}.Debug|x86.ActiveCfg = Debug|Any CPU
		{17373A7A-1CAB-403D-9F06-FAE9089C4FDD}.Debug|x86.Build.0 = Debug|Any CPU
		{17373A7A-1CAB-403D-9F06-FAE9089C4FDD}.Release|Any CPU.ActiveCfg = Release|Any CPU
		{17373A7A-1CAB-403D-9F06-FAE9089C4FDD}.Release|Any CPU.Build.0 = Release|Any CPU
		{17373A7A-1CAB-403D-9F06-FAE9089C4FDD}.Release|x64.ActiveCfg = Release|x64
		{17373A7A-1CAB-403D-9F06-FAE9089C4FDD}.Release|x64.Build.0 = Release|x64
		{17373A7A-1CAB-403D-9F06-FAE9089C4FDD}.Release|x86.ActiveCfg = Release|Any CPU
		{17373A7A-1CAB-403D-9F06-FAE9089C4FDD}.Release|x86.Build.0 = Release|Any CPU
		{E41E2D2A-1760-4486-BAD8-AD92FA9BA46D}.Debug|Any CPU.ActiveCfg = Debug|Any CPU
		{E41E2D2A-1760-4486-BAD8-AD92FA9BA46D}.Debug|Any CPU.Build.0 = Debug|Any CPU
		{E41E2D2A-1760-4486-BAD8-AD92FA9BA46D}.Debug|x64.ActiveCfg = Debug|x64
		{E41E2D2A-1760-4486-BAD8-AD92FA9BA46D}.Debug|x64.Build.0 = Debug|x64
		{E41E2D2A-1760-4486-BAD8-AD92FA9BA46D}.Debug|x86.ActiveCfg = Debug|Any CPU
		{E41E2D2A-1760-4486-BAD8-AD92FA9BA46D}.Debug|x86.Build.0 = Debug|Any CPU
		{E41E2D2A-1760-4486-BAD8-AD92FA9BA46D}.Release|Any CPU.ActiveCfg = Release|Any CPU
		{E41E2D2A-1760-4486-BAD8-AD92FA9BA46D}.Release|Any CPU.Build.0 = Release|Any CPU
		{E41E2D2A-1760-4486-BAD8-AD92FA9BA46D}.Release|x64.ActiveCfg = Release|x64
		{E41E2D2A-1760-4486-BAD8-AD92FA9BA46D}.Release|x64.Build.0 = Release|x64
		{E41E2D2A-1760-4486-BAD8-AD92FA9BA46D}.Release|x86.ActiveCfg = Release|Any CPU
		{E41E2D2A-1760-4486-BAD8-AD92FA9BA46D}.Release|x86.Build.0 = Release|Any CPU
		{A01DA796-7BF8-4FC0-B956-87B5A827C263}.Debug|Any CPU.ActiveCfg = Debug|Any CPU
		{A01DA796-7BF8-4FC0-B956-87B5A827C263}.Debug|Any CPU.Build.0 = Debug|Any CPU
		{A01DA796-7BF8-4FC0-B956-87B5A827C263}.Debug|x64.ActiveCfg = Debug|Any CPU
		{A01DA796-7BF8-4FC0-B956-87B5A827C263}.Debug|x64.Build.0 = Debug|Any CPU
		{A01DA796-7BF8-4FC0-B956-87B5A827C263}.Debug|x86.ActiveCfg = Debug|Any CPU
		{A01DA796-7BF8-4FC0-B956-87B5A827C263}.Debug|x86.Build.0 = Debug|Any CPU
		{A01DA796-7BF8-4FC0-B956-87B5A827C263}.Release|Any CPU.ActiveCfg = Release|Any CPU
		{A01DA796-7BF8-4FC0-B956-87B5A827C263}.Release|Any CPU.Build.0 = Release|Any CPU
		{A01DA796-7BF8-4FC0-B956-87B5A827C263}.Release|x64.ActiveCfg = Release|Any CPU
		{A01DA796-7BF8-4FC0-B956-87B5A827C263}.Release|x64.Build.0 = Release|Any CPU
		{A01DA796-7BF8-4FC0-B956-87B5A827C263}.Release|x86.ActiveCfg = Release|Any CPU
		{A01DA796-7BF8-4FC0-B956-87B5A827C263}.Release|x86.Build.0 = Release|Any CPU
		{FF1BE89F-430B-45F5-BCC4-E6E28F1362CB}.Debug|Any CPU.ActiveCfg = Debug|Any CPU
		{FF1BE89F-430B-45F5-BCC4-E6E28F1362CB}.Debug|Any CPU.Build.0 = Debug|Any CPU
		{FF1BE89F-430B-45F5-BCC4-E6E28F1362CB}.Debug|x64.ActiveCfg = Debug|Any CPU
		{FF1BE89F-430B-45F5-BCC4-E6E28F1362CB}.Debug|x64.Build.0 = Debug|Any CPU
		{FF1BE89F-430B-45F5-BCC4-E6E28F1362CB}.Debug|x86.ActiveCfg = Debug|Any CPU
		{FF1BE89F-430B-45F5-BCC4-E6E28F1362CB}.Debug|x86.Build.0 = Debug|Any CPU
		{FF1BE89F-430B-45F5-BCC4-E6E28F1362CB}.Release|Any CPU.ActiveCfg = Release|Any CPU
		{FF1BE89F-430B-45F5-BCC4-E6E28F1362CB}.Release|Any CPU.Build.0 = Release|Any CPU
		{FF1BE89F-430B-45F5-BCC4-E6E28F1362CB}.Release|x64.ActiveCfg = Release|Any CPU
		{FF1BE89F-430B-45F5-BCC4-E6E28F1362CB}.Release|x64.Build.0 = Release|Any CPU
		{FF1BE89F-430B-45F5-BCC4-E6E28F1362CB}.Release|x86.ActiveCfg = Release|Any CPU
		{FF1BE89F-430B-45F5-BCC4-E6E28F1362CB}.Release|x86.Build.0 = Release|Any CPU
		{92589C2D-3833-496F-87E8-788FD511B162}.Debug|Any CPU.ActiveCfg = Debug|Any CPU
		{92589C2D-3833-496F-87E8-788FD511B162}.Debug|Any CPU.Build.0 = Debug|Any CPU
		{92589C2D-3833-496F-87E8-788FD511B162}.Debug|x64.ActiveCfg = Debug|x64
		{92589C2D-3833-496F-87E8-788FD511B162}.Debug|x64.Build.0 = Debug|x64
		{92589C2D-3833-496F-87E8-788FD511B162}.Debug|x86.ActiveCfg = Debug|x86
		{92589C2D-3833-496F-87E8-788FD511B162}.Debug|x86.Build.0 = Debug|x86
		{92589C2D-3833-496F-87E8-788FD511B162}.Release|Any CPU.ActiveCfg = Release|Any CPU
		{92589C2D-3833-496F-87E8-788FD511B162}.Release|Any CPU.Build.0 = Release|Any CPU
		{92589C2D-3833-496F-87E8-788FD511B162}.Release|x64.ActiveCfg = Release|x64
		{92589C2D-3833-496F-87E8-788FD511B162}.Release|x64.Build.0 = Release|x64
		{92589C2D-3833-496F-87E8-788FD511B162}.Release|x86.ActiveCfg = Release|x86
		{92589C2D-3833-496F-87E8-788FD511B162}.Release|x86.Build.0 = Release|x86
		{3C3F646D-A97C-4D8A-BDF5-393139C5170A}.Debug|Any CPU.ActiveCfg = Debug|Any CPU
		{3C3F646D-A97C-4D8A-BDF5-393139C5170A}.Debug|Any CPU.Build.0 = Debug|Any CPU
		{3C3F646D-A97C-4D8A-BDF5-393139C5170A}.Debug|x64.ActiveCfg = Debug|x64
		{3C3F646D-A97C-4D8A-BDF5-393139C5170A}.Debug|x64.Build.0 = Debug|x64
		{3C3F646D-A97C-4D8A-BDF5-393139C5170A}.Debug|x86.ActiveCfg = Debug|x86
		{3C3F646D-A97C-4D8A-BDF5-393139C5170A}.Debug|x86.Build.0 = Debug|x86
		{3C3F646D-A97C-4D8A-BDF5-393139C5170A}.Release|Any CPU.ActiveCfg = Release|Any CPU
		{3C3F646D-A97C-4D8A-BDF5-393139C5170A}.Release|Any CPU.Build.0 = Release|Any CPU
		{3C3F646D-A97C-4D8A-BDF5-393139C5170A}.Release|x64.ActiveCfg = Release|x64
		{3C3F646D-A97C-4D8A-BDF5-393139C5170A}.Release|x64.Build.0 = Release|x64
		{3C3F646D-A97C-4D8A-BDF5-393139C5170A}.Release|x86.ActiveCfg = Release|x86
		{3C3F646D-A97C-4D8A-BDF5-393139C5170A}.Release|x86.Build.0 = Release|x86
		{441FF4C9-0F85-4470-A274-41408B420F86}.Debug|Any CPU.ActiveCfg = Debug|Any CPU
		{441FF4C9-0F85-4470-A274-41408B420F86}.Debug|Any CPU.Build.0 = Debug|Any CPU
		{441FF4C9-0F85-4470-A274-41408B420F86}.Debug|x64.ActiveCfg = Debug|x64
		{441FF4C9-0F85-4470-A274-41408B420F86}.Debug|x64.Build.0 = Debug|x64
		{441FF4C9-0F85-4470-A274-41408B420F86}.Debug|x86.ActiveCfg = Debug|x86
		{441FF4C9-0F85-4470-A274-41408B420F86}.Debug|x86.Build.0 = Debug|x86
		{441FF4C9-0F85-4470-A274-41408B420F86}.Release|Any CPU.ActiveCfg = Release|Any CPU
		{441FF4C9-0F85-4470-A274-41408B420F86}.Release|Any CPU.Build.0 = Release|Any CPU
		{441FF4C9-0F85-4470-A274-41408B420F86}.Release|x64.ActiveCfg = Release|x64
		{441FF4C9-0F85-4470-A274-41408B420F86}.Release|x64.Build.0 = Release|x64
		{441FF4C9-0F85-4470-A274-41408B420F86}.Release|x86.ActiveCfg = Release|x86
		{441FF4C9-0F85-4470-A274-41408B420F86}.Release|x86.Build.0 = Release|x86
		{82DC02DC-5925-4437-AE7E-56F6363C4B7F}.Debug|Any CPU.ActiveCfg = Debug|Any CPU
		{82DC02DC-5925-4437-AE7E-56F6363C4B7F}.Debug|Any CPU.Build.0 = Debug|Any CPU
		{82DC02DC-5925-4437-AE7E-56F6363C4B7F}.Debug|x64.ActiveCfg = Debug|Any CPU
		{82DC02DC-5925-4437-AE7E-56F6363C4B7F}.Debug|x64.Build.0 = Debug|Any CPU
		{82DC02DC-5925-4437-AE7E-56F6363C4B7F}.Debug|x86.ActiveCfg = Debug|Any CPU
		{82DC02DC-5925-4437-AE7E-56F6363C4B7F}.Debug|x86.Build.0 = Debug|Any CPU
		{82DC02DC-5925-4437-AE7E-56F6363C4B7F}.Release|Any CPU.ActiveCfg = Release|Any CPU
		{82DC02DC-5925-4437-AE7E-56F6363C4B7F}.Release|Any CPU.Build.0 = Release|Any CPU
		{82DC02DC-5925-4437-AE7E-56F6363C4B7F}.Release|x64.ActiveCfg = Release|Any CPU
		{82DC02DC-5925-4437-AE7E-56F6363C4B7F}.Release|x64.Build.0 = Release|Any CPU
		{82DC02DC-5925-4437-AE7E-56F6363C4B7F}.Release|x86.ActiveCfg = Release|Any CPU
		{82DC02DC-5925-4437-AE7E-56F6363C4B7F}.Release|x86.Build.0 = Release|Any CPU
		{F927DFBC-0F54-4978-93BC-020DFB1349F1}.Debug|Any CPU.ActiveCfg = Debug|Any CPU
		{F927DFBC-0F54-4978-93BC-020DFB1349F1}.Debug|Any CPU.Build.0 = Debug|Any CPU
		{F927DFBC-0F54-4978-93BC-020DFB1349F1}.Debug|x64.ActiveCfg = Debug|Any CPU
		{F927DFBC-0F54-4978-93BC-020DFB1349F1}.Debug|x64.Build.0 = Debug|Any CPU
		{F927DFBC-0F54-4978-93BC-020DFB1349F1}.Debug|x86.ActiveCfg = Debug|Any CPU
		{F927DFBC-0F54-4978-93BC-020DFB1349F1}.Debug|x86.Build.0 = Debug|Any CPU
		{F927DFBC-0F54-4978-93BC-020DFB1349F1}.Release|Any CPU.ActiveCfg = Release|Any CPU
		{F927DFBC-0F54-4978-93BC-020DFB1349F1}.Release|Any CPU.Build.0 = Release|Any CPU
		{F927DFBC-0F54-4978-93BC-020DFB1349F1}.Release|x64.ActiveCfg = Release|Any CPU
		{F927DFBC-0F54-4978-93BC-020DFB1349F1}.Release|x64.Build.0 = Release|Any CPU
		{F927DFBC-0F54-4978-93BC-020DFB1349F1}.Release|x86.ActiveCfg = Release|Any CPU
		{F927DFBC-0F54-4978-93BC-020DFB1349F1}.Release|x86.Build.0 = Release|Any CPU
		{0F662394-DE08-43C9-83EB-122964CB17B4}.Debug|Any CPU.ActiveCfg = Debug|Any CPU
		{0F662394-DE08-43C9-83EB-122964CB17B4}.Debug|Any CPU.Build.0 = Debug|Any CPU
		{0F662394-DE08-43C9-83EB-122964CB17B4}.Debug|x64.ActiveCfg = Debug|Any CPU
		{0F662394-DE08-43C9-83EB-122964CB17B4}.Debug|x64.Build.0 = Debug|Any CPU
		{0F662394-DE08-43C9-83EB-122964CB17B4}.Debug|x86.ActiveCfg = Debug|Any CPU
		{0F662394-DE08-43C9-83EB-122964CB17B4}.Debug|x86.Build.0 = Debug|Any CPU
		{0F662394-DE08-43C9-83EB-122964CB17B4}.Release|Any CPU.ActiveCfg = Release|Any CPU
		{0F662394-DE08-43C9-83EB-122964CB17B4}.Release|Any CPU.Build.0 = Release|Any CPU
		{0F662394-DE08-43C9-83EB-122964CB17B4}.Release|x64.ActiveCfg = Release|Any CPU
		{0F662394-DE08-43C9-83EB-122964CB17B4}.Release|x64.Build.0 = Release|Any CPU
		{0F662394-DE08-43C9-83EB-122964CB17B4}.Release|x86.ActiveCfg = Release|Any CPU
		{0F662394-DE08-43C9-83EB-122964CB17B4}.Release|x86.Build.0 = Release|Any CPU
		{2F3D880E-213E-4DD0-BA86-4CFCA71A0B68}.Debug|Any CPU.ActiveCfg = Debug|Any CPU
		{2F3D880E-213E-4DD0-BA86-4CFCA71A0B68}.Debug|Any CPU.Build.0 = Debug|Any CPU
		{2F3D880E-213E-4DD0-BA86-4CFCA71A0B68}.Debug|x64.ActiveCfg = Debug|Any CPU
		{2F3D880E-213E-4DD0-BA86-4CFCA71A0B68}.Debug|x64.Build.0 = Debug|Any CPU
		{2F3D880E-213E-4DD0-BA86-4CFCA71A0B68}.Debug|x86.ActiveCfg = Debug|Any CPU
		{2F3D880E-213E-4DD0-BA86-4CFCA71A0B68}.Debug|x86.Build.0 = Debug|Any CPU
		{2F3D880E-213E-4DD0-BA86-4CFCA71A0B68}.Release|Any CPU.ActiveCfg = Release|Any CPU
		{2F3D880E-213E-4DD0-BA86-4CFCA71A0B68}.Release|Any CPU.Build.0 = Release|Any CPU
		{2F3D880E-213E-4DD0-BA86-4CFCA71A0B68}.Release|x64.ActiveCfg = Release|Any CPU
		{2F3D880E-213E-4DD0-BA86-4CFCA71A0B68}.Release|x64.Build.0 = Release|Any CPU
		{2F3D880E-213E-4DD0-BA86-4CFCA71A0B68}.Release|x86.ActiveCfg = Release|Any CPU
		{2F3D880E-213E-4DD0-BA86-4CFCA71A0B68}.Release|x86.Build.0 = Release|Any CPU
		{95298008-3AD5-48F2-9315-23A5EAA94218}.Debug|Any CPU.ActiveCfg = Debug|Any CPU
		{95298008-3AD5-48F2-9315-23A5EAA94218}.Debug|Any CPU.Build.0 = Debug|Any CPU
		{95298008-3AD5-48F2-9315-23A5EAA94218}.Debug|x64.ActiveCfg = Debug|Any CPU
		{95298008-3AD5-48F2-9315-23A5EAA94218}.Debug|x64.Build.0 = Debug|Any CPU
		{95298008-3AD5-48F2-9315-23A5EAA94218}.Debug|x86.ActiveCfg = Debug|Any CPU
		{95298008-3AD5-48F2-9315-23A5EAA94218}.Debug|x86.Build.0 = Debug|Any CPU
		{95298008-3AD5-48F2-9315-23A5EAA94218}.Release|Any CPU.ActiveCfg = Release|Any CPU
		{95298008-3AD5-48F2-9315-23A5EAA94218}.Release|Any CPU.Build.0 = Release|Any CPU
		{95298008-3AD5-48F2-9315-23A5EAA94218}.Release|x64.ActiveCfg = Release|Any CPU
		{95298008-3AD5-48F2-9315-23A5EAA94218}.Release|x64.Build.0 = Release|Any CPU
		{95298008-3AD5-48F2-9315-23A5EAA94218}.Release|x86.ActiveCfg = Release|Any CPU
		{95298008-3AD5-48F2-9315-23A5EAA94218}.Release|x86.Build.0 = Release|Any CPU
		{9093A03C-2824-4D5A-85C8-D1BE8657B4F8}.Debug|Any CPU.ActiveCfg = Debug|Any CPU
		{9093A03C-2824-4D5A-85C8-D1BE8657B4F8}.Debug|Any CPU.Build.0 = Debug|Any CPU
		{9093A03C-2824-4D5A-85C8-D1BE8657B4F8}.Debug|x64.ActiveCfg = Debug|Any CPU
		{9093A03C-2824-4D5A-85C8-D1BE8657B4F8}.Debug|x64.Build.0 = Debug|Any CPU
		{9093A03C-2824-4D5A-85C8-D1BE8657B4F8}.Debug|x86.ActiveCfg = Debug|Any CPU
		{9093A03C-2824-4D5A-85C8-D1BE8657B4F8}.Debug|x86.Build.0 = Debug|Any CPU
		{9093A03C-2824-4D5A-85C8-D1BE8657B4F8}.Release|Any CPU.ActiveCfg = Release|Any CPU
		{9093A03C-2824-4D5A-85C8-D1BE8657B4F8}.Release|Any CPU.Build.0 = Release|Any CPU
		{9093A03C-2824-4D5A-85C8-D1BE8657B4F8}.Release|x64.ActiveCfg = Release|Any CPU
		{9093A03C-2824-4D5A-85C8-D1BE8657B4F8}.Release|x64.Build.0 = Release|Any CPU
		{9093A03C-2824-4D5A-85C8-D1BE8657B4F8}.Release|x86.ActiveCfg = Release|Any CPU
		{9093A03C-2824-4D5A-85C8-D1BE8657B4F8}.Release|x86.Build.0 = Release|Any CPU
		{DE1A23CE-3B6D-45C3-80B8-8D34741BC256}.Debug|Any CPU.ActiveCfg = Debug|Any CPU
		{DE1A23CE-3B6D-45C3-80B8-8D34741BC256}.Debug|Any CPU.Build.0 = Debug|Any CPU
		{DE1A23CE-3B6D-45C3-80B8-8D34741BC256}.Debug|x64.ActiveCfg = Debug|Any CPU
		{DE1A23CE-3B6D-45C3-80B8-8D34741BC256}.Debug|x64.Build.0 = Debug|Any CPU
		{DE1A23CE-3B6D-45C3-80B8-8D34741BC256}.Debug|x86.ActiveCfg = Debug|Any CPU
		{DE1A23CE-3B6D-45C3-80B8-8D34741BC256}.Debug|x86.Build.0 = Debug|Any CPU
		{DE1A23CE-3B6D-45C3-80B8-8D34741BC256}.Release|Any CPU.ActiveCfg = Release|Any CPU
		{DE1A23CE-3B6D-45C3-80B8-8D34741BC256}.Release|Any CPU.Build.0 = Release|Any CPU
		{DE1A23CE-3B6D-45C3-80B8-8D34741BC256}.Release|x64.ActiveCfg = Release|Any CPU
		{DE1A23CE-3B6D-45C3-80B8-8D34741BC256}.Release|x64.Build.0 = Release|Any CPU
		{DE1A23CE-3B6D-45C3-80B8-8D34741BC256}.Release|x86.ActiveCfg = Release|Any CPU
		{DE1A23CE-3B6D-45C3-80B8-8D34741BC256}.Release|x86.Build.0 = Release|Any CPU
		{0AFFA4EB-EDEA-43CC-8045-C7D1FE557803}.Debug|Any CPU.ActiveCfg = Debug|Any CPU
		{0AFFA4EB-EDEA-43CC-8045-C7D1FE557803}.Debug|Any CPU.Build.0 = Debug|Any CPU
		{0AFFA4EB-EDEA-43CC-8045-C7D1FE557803}.Debug|x64.ActiveCfg = Debug|Any CPU
		{0AFFA4EB-EDEA-43CC-8045-C7D1FE557803}.Debug|x64.Build.0 = Debug|Any CPU
		{0AFFA4EB-EDEA-43CC-8045-C7D1FE557803}.Debug|x86.ActiveCfg = Debug|Any CPU
		{0AFFA4EB-EDEA-43CC-8045-C7D1FE557803}.Debug|x86.Build.0 = Debug|Any CPU
		{0AFFA4EB-EDEA-43CC-8045-C7D1FE557803}.Release|Any CPU.ActiveCfg = Release|Any CPU
		{0AFFA4EB-EDEA-43CC-8045-C7D1FE557803}.Release|Any CPU.Build.0 = Release|Any CPU
		{0AFFA4EB-EDEA-43CC-8045-C7D1FE557803}.Release|x64.ActiveCfg = Release|Any CPU
		{0AFFA4EB-EDEA-43CC-8045-C7D1FE557803}.Release|x64.Build.0 = Release|Any CPU
		{0AFFA4EB-EDEA-43CC-8045-C7D1FE557803}.Release|x86.ActiveCfg = Release|Any CPU
		{0AFFA4EB-EDEA-43CC-8045-C7D1FE557803}.Release|x86.Build.0 = Release|Any CPU
		{6104D664-8183-45B1-8B53-C6EAB326907C}.Debug|Any CPU.ActiveCfg = Debug|Any CPU
		{6104D664-8183-45B1-8B53-C6EAB326907C}.Debug|Any CPU.Build.0 = Debug|Any CPU
		{6104D664-8183-45B1-8B53-C6EAB326907C}.Debug|x64.ActiveCfg = Debug|Any CPU
		{6104D664-8183-45B1-8B53-C6EAB326907C}.Debug|x64.Build.0 = Debug|Any CPU
		{6104D664-8183-45B1-8B53-C6EAB326907C}.Debug|x86.ActiveCfg = Debug|Any CPU
		{6104D664-8183-45B1-8B53-C6EAB326907C}.Debug|x86.Build.0 = Debug|Any CPU
		{6104D664-8183-45B1-8B53-C6EAB326907C}.Release|Any CPU.ActiveCfg = Release|Any CPU
		{6104D664-8183-45B1-8B53-C6EAB326907C}.Release|Any CPU.Build.0 = Release|Any CPU
		{6104D664-8183-45B1-8B53-C6EAB326907C}.Release|x64.ActiveCfg = Release|Any CPU
		{6104D664-8183-45B1-8B53-C6EAB326907C}.Release|x64.Build.0 = Release|Any CPU
		{6104D664-8183-45B1-8B53-C6EAB326907C}.Release|x86.ActiveCfg = Release|Any CPU
		{6104D664-8183-45B1-8B53-C6EAB326907C}.Release|x86.Build.0 = Release|Any CPU
		{7E3D98F5-A25A-4366-9398-0D7F77B8CEE6}.Debug|Any CPU.ActiveCfg = Debug|Any CPU
		{7E3D98F5-A25A-4366-9398-0D7F77B8CEE6}.Debug|Any CPU.Build.0 = Debug|Any CPU
		{7E3D98F5-A25A-4366-9398-0D7F77B8CEE6}.Debug|x64.ActiveCfg = Debug|Any CPU
		{7E3D98F5-A25A-4366-9398-0D7F77B8CEE6}.Debug|x64.Build.0 = Debug|Any CPU
		{7E3D98F5-A25A-4366-9398-0D7F77B8CEE6}.Debug|x86.ActiveCfg = Debug|Any CPU
		{7E3D98F5-A25A-4366-9398-0D7F77B8CEE6}.Debug|x86.Build.0 = Debug|Any CPU
		{7E3D98F5-A25A-4366-9398-0D7F77B8CEE6}.Release|Any CPU.ActiveCfg = Release|Any CPU
		{7E3D98F5-A25A-4366-9398-0D7F77B8CEE6}.Release|Any CPU.Build.0 = Release|Any CPU
		{7E3D98F5-A25A-4366-9398-0D7F77B8CEE6}.Release|x64.ActiveCfg = Release|Any CPU
		{7E3D98F5-A25A-4366-9398-0D7F77B8CEE6}.Release|x64.Build.0 = Release|Any CPU
		{7E3D98F5-A25A-4366-9398-0D7F77B8CEE6}.Release|x86.ActiveCfg = Release|Any CPU
		{7E3D98F5-A25A-4366-9398-0D7F77B8CEE6}.Release|x86.Build.0 = Release|Any CPU
		{A63F30FA-2AB1-4586-A218-37C6B7DC5CB7}.Debug|Any CPU.ActiveCfg = Debug|Any CPU
		{A63F30FA-2AB1-4586-A218-37C6B7DC5CB7}.Debug|Any CPU.Build.0 = Debug|Any CPU
		{A63F30FA-2AB1-4586-A218-37C6B7DC5CB7}.Debug|x64.ActiveCfg = Debug|Any CPU
		{A63F30FA-2AB1-4586-A218-37C6B7DC5CB7}.Debug|x64.Build.0 = Debug|Any CPU
		{A63F30FA-2AB1-4586-A218-37C6B7DC5CB7}.Debug|x86.ActiveCfg = Debug|Any CPU
		{A63F30FA-2AB1-4586-A218-37C6B7DC5CB7}.Debug|x86.Build.0 = Debug|Any CPU
		{A63F30FA-2AB1-4586-A218-37C6B7DC5CB7}.Release|Any CPU.ActiveCfg = Release|Any CPU
		{A63F30FA-2AB1-4586-A218-37C6B7DC5CB7}.Release|Any CPU.Build.0 = Release|Any CPU
		{A63F30FA-2AB1-4586-A218-37C6B7DC5CB7}.Release|x64.ActiveCfg = Release|Any CPU
		{A63F30FA-2AB1-4586-A218-37C6B7DC5CB7}.Release|x64.Build.0 = Release|Any CPU
		{A63F30FA-2AB1-4586-A218-37C6B7DC5CB7}.Release|x86.ActiveCfg = Release|Any CPU
		{A63F30FA-2AB1-4586-A218-37C6B7DC5CB7}.Release|x86.Build.0 = Release|Any CPU
		{46A9C797-1DD4-4BAD-A27D-A133E19B50EF}.Debug|Any CPU.ActiveCfg = Debug|Any CPU
		{46A9C797-1DD4-4BAD-A27D-A133E19B50EF}.Debug|Any CPU.Build.0 = Debug|Any CPU
		{46A9C797-1DD4-4BAD-A27D-A133E19B50EF}.Debug|x64.ActiveCfg = Debug|Any CPU
		{46A9C797-1DD4-4BAD-A27D-A133E19B50EF}.Debug|x64.Build.0 = Debug|Any CPU
		{46A9C797-1DD4-4BAD-A27D-A133E19B50EF}.Debug|x86.ActiveCfg = Debug|Any CPU
		{46A9C797-1DD4-4BAD-A27D-A133E19B50EF}.Debug|x86.Build.0 = Debug|Any CPU
		{46A9C797-1DD4-4BAD-A27D-A133E19B50EF}.Release|Any CPU.ActiveCfg = Release|Any CPU
		{46A9C797-1DD4-4BAD-A27D-A133E19B50EF}.Release|Any CPU.Build.0 = Release|Any CPU
		{46A9C797-1DD4-4BAD-A27D-A133E19B50EF}.Release|x64.ActiveCfg = Release|Any CPU
		{46A9C797-1DD4-4BAD-A27D-A133E19B50EF}.Release|x64.Build.0 = Release|Any CPU
		{46A9C797-1DD4-4BAD-A27D-A133E19B50EF}.Release|x86.ActiveCfg = Release|Any CPU
		{46A9C797-1DD4-4BAD-A27D-A133E19B50EF}.Release|x86.Build.0 = Release|Any CPU
	EndGlobalSection
	GlobalSection(SolutionProperties) = preSolution
		HideSolutionNode = FALSE
	EndGlobalSection
	GlobalSection(NestedProjects) = preSolution
		{92589C2D-3833-496F-87E8-788FD511B162} = {BC876E9B-274C-4916-B323-52F167C1568F}
		{3C3F646D-A97C-4D8A-BDF5-393139C5170A} = {BC876E9B-274C-4916-B323-52F167C1568F}
		{441FF4C9-0F85-4470-A274-41408B420F86} = {BC876E9B-274C-4916-B323-52F167C1568F}
		{82DC02DC-5925-4437-AE7E-56F6363C4B7F} = {BC876E9B-274C-4916-B323-52F167C1568F}
		{F927DFBC-0F54-4978-93BC-020DFB1349F1} = {BC876E9B-274C-4916-B323-52F167C1568F}
		{0F662394-DE08-43C9-83EB-122964CB17B4} = {BC876E9B-274C-4916-B323-52F167C1568F}
		{2F3D880E-213E-4DD0-BA86-4CFCA71A0B68} = {BC876E9B-274C-4916-B323-52F167C1568F}
		{95298008-3AD5-48F2-9315-23A5EAA94218} = {BC876E9B-274C-4916-B323-52F167C1568F}
		{9093A03C-2824-4D5A-85C8-D1BE8657B4F8} = {BC876E9B-274C-4916-B323-52F167C1568F}
		{DE1A23CE-3B6D-45C3-80B8-8D34741BC256} = {BC876E9B-274C-4916-B323-52F167C1568F}
		{0AFFA4EB-EDEA-43CC-8045-C7D1FE557803} = {BC876E9B-274C-4916-B323-52F167C1568F}
		{6104D664-8183-45B1-8B53-C6EAB326907C} = {BC876E9B-274C-4916-B323-52F167C1568F}
		{7E3D98F5-A25A-4366-9398-0D7F77B8CEE6} = {BC876E9B-274C-4916-B323-52F167C1568F}
		{A63F30FA-2AB1-4586-A218-37C6B7DC5CB7} = {BC876E9B-274C-4916-B323-52F167C1568F}
		{46A9C797-1DD4-4BAD-A27D-A133E19B50EF} = {BC876E9B-274C-4916-B323-52F167C1568F}
	EndGlobalSection
	GlobalSection(ExtensibilityGlobals) = postSolution
		SolutionGuid = {CEA0265E-4F95-4DB4-87BE-A724E2A9A0EF}
	EndGlobalSection
EndGlobal
